Microsoft Visual Studio Solution File, Format Version 11.00
# Visual Studio 2008

Project("{79CDF537-9992-68FC-D093-1D4C233F0A72}") = "JavascriptTextAdventure 2", "Assembly-CSharp.csproj", "{0C58B3CF-2604-78E1-2E12-20B742763B0D}"
EndProject
Global
	GlobalSection(SolutionConfigurationPlatforms) = preSolution
		Debug|Any CPU = Debug|Any CPU
		Release|Any CPU = Release|Any CPU
	EndGlobalSection
	GlobalSection(ProjectConfigurationPlatforms) = postSolution
		{0C58B3CF-2604-78E1-2E12-20B742763B0D}.Debug|Any CPU.ActiveCfg = Debug|Any CPU
		{0C58B3CF-2604-78E1-2E12-20B742763B0D}.Debug|Any CPU.Build.0 = Debug|Any CPU
		{0C58B3CF-2604-78E1-2E12-20B742763B0D}.Release|Any CPU.ActiveCfg = Release|Any CPU
		{0C58B3CF-2604-78E1-2E12-20B742763B0D}.Release|Any CPU.Build.0 = Release|Any CPU
	EndGlobalSection
	GlobalSection(SolutionProperties) = preSolution
		HideSolutionNode = FALSE
	EndGlobalSection
	GlobalSection(MonoDevelopProperties) = preSolution
		StartupItem = Assembly-CSharp.csproj
	EndGlobalSection
EndGlobal
